<?xml version="1.0" encoding="utf-8"?>
<Project ToolsVersion="4.0" xmlns="http://schemas.microsoft.com/developer/msbuild/2003">
  <ItemGroup>
    <Filter Include="Source Files">
      <UniqueIdentifier>{4FC737F1-C7A5-4376-A066-2A32D752A2FF}</UniqueIdentifier>
      <Extensions>cpp;c;cc;cxx;def;odl;idl;hpj;bat;asm;asmx</Extensions>
    </Filter>
    <Filter Include="Header Files">
      <UniqueIdentifier>{93995380-89BD-4b04-88EB-625FBE52EBFB}</UniqueIdentifier>
      <Extensions>h;hh;hpp;hxx;hm;inl;inc;xsd</Extensions>
    </Filter>
    <Filter Include="Resource Files">
      <UniqueIdentifier>{67DA6AB6-F800-4c08-8B7A-83BB121AAD01}</UniqueIdentifier>
      <Extensions>rc;ico;cur;bmp;dlg;rc2;rct;bin;rgs;gif;jpg;jpeg;jpe;resx;tiff;tif;png;wav;mfcribbon-ms</Extensions>
    </Filter>
  </ItemGroup>
  <ItemGroup>
    <Text Include="ReadMe.txt" />
  </ItemGroup>
  <ItemGroup>
    <ClInclude Include="stdafx.h">
      <Filter>Header Files</Filter>
    </ClInclude>
    <ClInclude Include="targetver.h">
      <Filter>Header Files</Filter>
    </ClInclude>
    <ClInclude Include="Foo.h">
      <Filter>Header Files</Filter>
    </ClInclude>
  </ItemGroup>
  <ItemGroup>
    <ClCompile Include="stdafx.cpp">
      <Filter>Source Files</Filter>
    </ClCompile>
    <ClCompile Include="TestApplication.cpp">
      <Filter>Source Files</Filter>
    </ClCompile>
    <ClCompile Include="Foo.cpp">
      <Filter>Source Files</Filter>
    </ClCompile>
    <ClCompile Include="test1.cpp">
      <Filter>Source Files</Filter>
    </ClCompile>
    <ClCompile Include="test2.cpp">
      <Filter>Source Files</Filter>
    </ClCompile>
    <ClCompile Include="test3.cpp">
      <Filter>Source Files</Filter>
    </ClCompile>
    <ClCompile Include="test5.cpp">
      <Filter>Source Files</Filter>
    </ClCompile>
    <ClCompile Include="test7.cpp">
      <Filter>Source Files</Filter>
    </ClCompile>
    <ClCompile Include="test9.cpp">
      <Filter>Source Files</Filter>
    </ClCompile>
    <ClCompile Include="test10.cpp">
      <Filter>Source Files</Filter>
    </ClCompile>
    <ClCompile Include="test4.cpp">
      <Filter>Source Files</Filter>
    </ClCompile>
    <ClCompile Include="test6.cpp">
      <Filter>Source Files</Filter>
    </ClCompile>
    <ClCompile Include="test8.cpp">
      <Filter>Source Files</Filter>
    </ClCompile>
    <ClCompile Include="test11.cpp">
      <Filter>Source Files</Filter>
    </ClCompile>
    <ClCompile Include="test12.cpp">
      <Filter>Source Files</Filter>
    </ClCompile>
    <ClCompile Include="test13.cpp">
      <Filter>Source Files</Filter>
    </ClCompile>
    <ClCompile Include="test14.cpp">
      <Filter>Source Files</Filter>
    </ClCompile>
    <ClCompile Include="test15.cpp">
      <Filter>Source Files</Filter>
    </ClCompile>
    <ClCompile Include="test16.cpp">
      <Filter>Source Files</Filter>
    </ClCompile>
    <ClCompile Include="test17.cpp">
      <Filter>Source Files</Filter>
    </ClCompile>
    <ClCompile Include="test18.cpp">
      <Filter>Source Files</Filter>
    </ClCompile>
    <ClCompile Include="test19.cpp">
      <Filter>Source Files</Filter>
    </ClCompile>
    <ClCompile Include="test20.cpp">
      <Filter>Source Files</Filter>
    </ClCompile>
    <ClCompile Include="test21.cpp">
      <Filter>Source Files</Filter>
    </ClCompile>
    <ClCompile Include="test22.cpp">
      <Filter>Source Files</Filter>
    </ClCompile>
    <ClCompile Include="test23.cpp">
      <Filter>Source Files</Filter>
    </ClCompile>
    <ClCompile Include="test24.cpp">
      <Filter>Source Files</Filter>
    </ClCompile>
    <ClCompile Include="test25.cpp">
      <Filter>Source Files</Filter>
    </ClCompile>
    <ClCompile Include="test26.cpp">
      <Filter>Source Files</Filter>
    </ClCompile>
    <ClCompile Include="test27.cpp">
      <Filter>Source Files</Filter>
    </ClCompile>
    <ClCompile Include="test28.cpp">
      <Filter>Source Files</Filter>
    </ClCompile>
    <ClCompile Include="test29.cpp">
      <Filter>Source Files</Filter>
    </ClCompile>
    <ClCompile Include="test30.cpp">
      <Filter>Source Files</Filter>
    </ClCompile>
    <ClCompile Include="test31.cpp">
      <Filter>Source Files</Filter>
    </ClCompile>
    <ClCompile Include="test32.cpp">
      <Filter>Source Files</Filter>
    </ClCompile>
    <ClCompile Include="test33.cpp">
      <Filter>Source Files</Filter>
    </ClCompile>
    <ClCompile Include="test34.cpp">
      <Filter>Source Files</Filter>
    </ClCompile>
    <ClCompile Include="test35.cpp">
      <Filter>Source Files</Filter>
    </ClCompile>
    <ClCompile Include="test36.cpp">
      <Filter>Source Files</Filter>
    </ClCompile>
    <ClCompile Include="test37.cpp">
      <Filter>Source Files</Filter>
    </ClCompile>
    <ClCompile Include="test38.cpp">
      <Filter>Source Files</Filter>
    </ClCompile>
    <ClCompile Include="test39.cpp">
      <Filter>Source Files</Filter>
    </ClCompile>
    <ClCompile Include="test40.cpp">
      <Filter>Source Files</Filter>
    </ClCompile>
    <ClCompile Include="test41.cpp">
      <Filter>Source Files</Filter>
    </ClCompile>
    <ClCompile Include="test42.cpp">
      <Filter>Source Files</Filter>
    </ClCompile>
    <ClCompile Include="test43.cpp">
      <Filter>Source Files</Filter>
    </ClCompile>
    <ClCompile Include="test44.cpp">
      <Filter>Source Files</Filter>
    </ClCompile>
    <ClCompile Include="test45.cpp">
      <Filter>Source Files</Filter>
    </ClCompile>
    <ClCompile Include="test46.cpp">
      <Filter>Source Files</Filter>
    </ClCompile>
    <ClCompile Include="test47.cpp">
      <Filter>Source Files</Filter>
    </ClCompile>
    <ClCompile Include="test48.cpp">
      <Filter>Source Files</Filter>
    </ClCompile>
    <ClCompile Include="test49.cpp">
      <Filter>Source Files</Filter>
    </ClCompile>
    <ClCompile Include="test50.cpp">
      <Filter>Source Files</Filter>
    </ClCompile>
    <ClCompile Include="test51.cpp">
      <Filter>Source Files</Filter>
    </ClCompile>
    <ClCompile Include="test52.cpp">
      <Filter>Source Files</Filter>
    </ClCompile>
    <ClCompile Include="test53.cpp">
      <Filter>Source Files</Filter>
    </ClCompile>
    <ClCompile Include="test54.cpp">
      <Filter>Source Files</Filter>
    </ClCompile>
    <ClCompile Include="test55.cpp">
      <Filter>Source Files</Filter>
    </ClCompile>
    <ClCompile Include="test56.cpp">
      <Filter>Source Files</Filter>
    </ClCompile>
    <ClCompile Include="test57.cpp">
      <Filter>Source Files</Filter>
    </ClCompile>
    <ClCompile Include="test58.cpp">
      <Filter>Source Files</Filter>
    </ClCompile>
    <ClCompile Include="test59.cpp">
      <Filter>Source Files</Filter>
    </ClCompile>
    <ClCompile Include="test60.cpp">
      <Filter>Source Files</Filter>
    </ClCompile>
    <ClCompile Include="test61.cpp">
      <Filter>Source Files</Filter>
    </ClCompile>
    <ClCompile Include="test62.cpp">
      <Filter>Source Files</Filter>
    </ClCompile>
    <ClCompile Include="test63.cpp">
      <Filter>Source Files</Filter>
    </ClCompile>
    <ClCompile Include="test64.cpp">
      <Filter>Source Files</Filter>
    </ClCompile>
    <ClCompile Include="test65.cpp">
      <Filter>Source Files</Filter>
    </ClCompile>
    <ClCompile Include="test66.cpp">
      <Filter>Source Files</Filter>
    </ClCompile>
    <ClCompile Include="test67.cpp">
      <Filter>Source Files</Filter>
    </ClCompile>
    <ClCompile Include="test68.cpp">
      <Filter>Source Files</Filter>
    </ClCompile>
    <ClCompile Include="test69.cpp">
      <Filter>Source Files</Filter>
    </ClCompile>
    <ClCompile Include="test70.cpp">
      <Filter>Source Files</Filter>
    </ClCompile>
    <ClCompile Include="test71.cpp">
      <Filter>Source Files</Filter>
    </ClCompile>
    <ClCompile Include="test72.cpp">
      <Filter>Source Files</Filter>
    </ClCompile>
  </ItemGroup>
  <ItemGroup>
    <None Include="packages.config" />
  </ItemGroup>
</Project>